
Microsoft Visual Studio Solution File, Format Version 12.00
# Visual Studio Version 16
VisualStudioVersion = 16.0.30717.126
MinimumVisualStudioVersion = 10.0.40219.1
Project("{FAE04EC0-301F-11D3-BF4B-00C04F79EFBC}") = "WebScarping", "WebScarping\WebScarping.csproj", "{89431E4E-27E9-45FE-902D-A90A98B2A83E}"
EndProject
Project("{2150E333-8FDC-42A3-9474-1A3956D46DE8}") = "Solution Items", "Solution Items", "{DC8EDB16-7CF8-4196-950D-256810ECEBED}"
	ProjectSection(SolutionItems) = preProject
		ScarpingSiteInformation.json = ScarpingSiteInformation.json
	EndProjectSection
EndProject
Global
	GlobalSection(SolutionConfigurationPlatforms) = preSolution
		Debug|Any CPU = Debug|Any CPU
		Release|Any CPU = Release|Any CPU
	EndGlobalSection
	GlobalSection(ProjectConfigurationPlatforms) = postSolution
		{89431E4E-27E9-45FE-902D-A90A98B2A83E}.Debug|Any CPU.ActiveCfg = Debug|Any CPU
		{89431E4E-27E9-45FE-902D-A90A98B2A83E}.Debug|Any CPU.Build.0 = Debug|Any CPU
		{89431E4E-27E9-45FE-902D-A90A98B2A83E}.Release|Any CPU.ActiveCfg = Release|Any CPU
		{89431E4E-27E9-45FE-902D-A90A98B2A83E}.Release|Any CPU.Build.0 = Release|Any CPU
	EndGlobalSection
	GlobalSection(SolutionProperties) = preSolution
		HideSolutionNode = FALSE
	EndGlobalSection
	GlobalSection(ExtensibilityGlobals) = postSolution
		SolutionGuid = {BB60DE00-BCCB-48B4-85C9-134ABD985A52}
	EndGlobalSection
EndGlobal
